# generated by rye
# use `rye lock` or `rye sync` to update this lockfile
#
# last locked with the following flags:
#   pre: false
#   features: []
#   all-features: false
#   with-sources: false
#   generate-hashes: false
#   universal: false

-e file:.
absl-py==2.2.2
    # via tensorboard
ale-py==0.10.2
    # via stable-baselines3
asttokens==3.0.0
    # via stack-data
cloudpickle==3.1.1
    # via gymnasium
    # via stable-baselines3
colorama==0.4.6
    # via ipython
    # via tqdm
comm==0.2.2
    # via ipykernel
contourpy==1.3.1
    # via matplotlib
cycler==0.12.1
    # via matplotlib
debugpy==1.8.14
    # via ipykernel
decorator==5.2.1
    # via ipython
executing==2.2.0
    # via stack-data
farama-notifications==0.0.4
    # via gymnasium
filelock==3.18.0
    # via torch
fonttools==4.57.0
    # via matplotlib
fsspec==2025.3.2
    # via torch
grpcio==1.71.0
    # via tensorboard
gymnasium==1.1.1
    # via blackjack-rl
    # via stable-baselines3
ipykernel==6.29.5
    # via blackjack-rl
ipython==9.1.0
    # via ipykernel
ipython-pygments-lexers==1.1.1
    # via ipython
jedi==0.19.2
    # via ipython
jinja2==3.1.6
    # via torch
jupyter-client==8.6.3
    # via ipykernel
jupyter-core==5.7.2
    # via ipykernel
    # via jupyter-client
kiwisolver==1.4.8
    # via matplotlib
markdown==3.8
    # via tensorboard
markdown-it-py==3.0.0
    # via rich
markupsafe==3.0.2
    # via jinja2
    # via werkzeug
matplotlib==3.10.1
    # via blackjack-rl
    # via seaborn
    # via stable-baselines3
matplotlib-inline==0.1.7
    # via ipykernel
    # via ipython
mdurl==0.1.2
    # via markdown-it-py
mpmath==1.3.0
    # via sympy
nest-asyncio==1.6.0
    # via ipykernel
networkx==3.4.2
    # via torch
numpy==2.2.4
    # via ale-py
    # via blackjack-rl
    # via contourpy
    # via gymnasium
    # via matplotlib
    # via opencv-python
    # via pandas
    # via seaborn
    # via stable-baselines3
    # via tensorboard
opencv-python==4.11.0.86
    # via stable-baselines3
packaging==24.2
    # via ipykernel
    # via matplotlib
    # via tensorboard
pandas==2.2.3
    # via seaborn
    # via stable-baselines3
parso==0.8.4
    # via jedi
pillow==11.2.1
    # via matplotlib
    # via stable-baselines3
platformdirs==4.3.7
    # via jupyter-core
prompt-toolkit==3.0.50
    # via ipython
protobuf==6.30.2
    # via tensorboard
psutil==7.0.0
    # via ipykernel
    # via stable-baselines3
pure-eval==0.2.3
    # via stack-data
pygame==2.6.1
    # via stable-baselines3
pygments==2.19.1
    # via ipython
    # via ipython-pygments-lexers
    # via rich
pyparsing==3.2.3
    # via matplotlib
python-dateutil==2.9.0.post0
    # via jupyter-client
    # via matplotlib
    # via pandas
pytz==2025.2
    # via pandas
pywin32==310
    # via jupyter-core
pyzmq==26.4.0
    # via ipykernel
    # via jupyter-client
rich==14.0.0
    # via stable-baselines3
seaborn==0.13.2
    # via blackjack-rl
setuptools==78.1.0
    # via tensorboard
    # via torch
six==1.17.0
    # via python-dateutil
    # via tensorboard
stable-baselines3==2.6.0
    # via blackjack-rl
stack-data==0.6.3
    # via ipython
sympy==1.13.1
    # via torch
tensorboard==2.19.0
    # via stable-baselines3
tensorboard-data-server==0.7.2
    # via tensorboard
torch==2.6.0
    # via stable-baselines3
tornado==6.4.2
    # via ipykernel
    # via jupyter-client
tqdm==4.67.1
    # via blackjack-rl
    # via stable-baselines3
traitlets==5.14.3
    # via comm
    # via ipykernel
    # via ipython
    # via jupyter-client
    # via jupyter-core
    # via matplotlib-inline
typing-extensions==4.13.2
    # via gymnasium
    # via torch
tzdata==2025.2
    # via pandas
wcwidth==0.2.13
    # via prompt-toolkit
werkzeug==3.1.3
    # via tensorboard
